{
  "name": "tRPC-sample",
  "lockfileVersion": 2,
  "requires": true,
  "packages": {
    "": {
      "dependencies": {
        "@trpc/client": "^10.27.1",
        "@trpc/server": "^10.27.1"
      }
    },
    "node_modules/@trpc/client": {
      "version": "10.27.1",
      "resolved": "https://registry.npmjs.org/@trpc/client/-/client-10.27.1.tgz",
      "integrity": "sha512-e9Syj6F41OHDSUg3JvT67fgoD22UbxPzYgp9Bno13NFpyeJc6vkXRlAgDc8ZuouqUPQuouJWll/I90CsuxEqvA==",
      "peerDependencies": {
        "@trpc/server": "10.27.1"
      }
    },
    "node_modules/@trpc/server": {
      "version": "10.27.1",
      "resolved": "https://registry.npmjs.org/@trpc/server/-/server-10.27.1.tgz",
      "integrity": "sha512-oMTNpei0+CAet0BuDdBE9cup0SseJAOlWRhWhcTAU05rETsJnzCA5DfNkf+aP3XiAM8rMJfrTfC0Z3aeADhHaA=="
    }
  },
  "dependencies": {
    "@trpc/client": {
      "version": "10.27.1",
      "resolved": "https://registry.npmjs.org/@trpc/client/-/client-10.27.1.tgz",
      "integrity": "sha512-e9Syj6F41OHDSUg3JvT67fgoD22UbxPzYgp9Bno13NFpyeJc6vkXRlAgDc8ZuouqUPQuouJWll/I90CsuxEqvA==",
      "requires": {}
    },
    "@trpc/server": {
      "version": "10.27.1",
      "resolved": "https://registry.npmjs.org/@trpc/server/-/server-10.27.1.tgz",
      "integrity": "sha512-oMTNpei0+CAet0BuDdBE9cup0SseJAOlWRhWhcTAU05rETsJnzCA5DfNkf+aP3XiAM8rMJfrTfC0Z3aeADhHaA=="
    }
  }
}
